// !$*UTF8*$!
{
	archiveVersion = 1;
	classes = {
	};
	objectVersion = 50;
	objects = {

/* Begin PBXBuildFile section */
		FAFB549622381C3400DB4C30 /* AppDelegate.swift in Sources */ = {isa = PBXBuildFile; fileRef = FAFB549522381C3400DB4C30 /* AppDelegate.swift */; };
		FAFB549822381C3400DB4C30 /* ViewController.swift in Sources */ = {isa = PBXBuildFile; fileRef = FAFB549722381C3400DB4C30 /* ViewController.swift */; };
		FAFB549B22381C3400DB4C30 /* Main.storyboard in Resources */ = {isa = PBXBuildFile; fileRef = FAFB549922381C3400DB4C30 /* Main.storyboard */; };
		FAFB549D22381C3600DB4C30 /* Assets.xcassets in Resources */ = {isa = PBXBuildFile; fileRef = FAFB549C22381C3600DB4C30 /* Assets.xcassets */; };
		FAFB54A022381C3600DB4C30 /* LaunchScreen.storyboard in Resources */ = {isa = PBXBuildFile; fileRef = FAFB549E22381C3600DB4C30 /* LaunchScreen.storyboard */; };
		FAFB54AB22381C3600DB4C30 /* VideoFilterTests.swift in Sources */ = {isa = PBXBuildFile; fileRef = FAFB54AA22381C3600DB4C30 /* VideoFilterTests.swift */; };
		FAFB54B622381C3600DB4C30 /* VideoFilterUITests.swift in Sources */ = {isa = PBXBuildFile; fileRef = FAFB54B522381C3600DB4C30 /* VideoFilterUITests.swift */; };
/* End PBXBuildFile section */

/* Begin PBXContainerItemProxy section */
		FAFB54A722381C3600DB4C30 /* PBXContainerItemProxy */ = {
			isa = PBXContainerItemProxy;
			containerPortal = FAFB548A22381C3400DB4C30 /* Project object */;
			proxyType = 1;
			remoteGlobalIDString = FAFB549122381C3400DB4C30;
			remoteInfo = VideoFilter;
		};
		FAFB54B222381C3600DB4C30 /* PBXContainerItemProxy */ = {
			isa = PBXContainerItemProxy;
			containerPortal = FAFB548A22381C3400DB4C30 /* Project object */;
			proxyType = 1;
			remoteGlobalIDString = FAFB549122381C3400DB4C30;
			remoteInfo = VideoFilter;
		};
/* End PBXContainerItemProxy section */

/* Begin PBXFileReference section */
		FAFB549222381C3400DB4C30 /* VideoFilter.app */ = {isa = PBXFileReference; explicitFileType = wrapper.application; includeInIndex = 0; path = VideoFilter.app; sourceTree = BUILT_PRODUCTS_DIR; };
		FAFB549522381C3400DB4C30 /* AppDelegate.swift */ = {isa = PBXFileReference; lastKnownFileType = sourcecode.swift; path = AppDelegate.swift; sourceTree = "<group>"; };
		FAFB549722381C3400DB4C30 /* ViewController.swift */ = {isa = PBXFileReference; lastKnownFileType = sourcecode.swift; path = ViewController.swift; sourceTree = "<group>"; };
		FAFB549A22381C3400DB4C30 /* Base */ = {isa = PBXFileReference; lastKnownFileType = file.storyboard; name = Base; path = Base.lproj/Main.storyboard; sourceTree = "<group>"; };
		FAFB549C22381C3600DB4C30 /* Assets.xcassets */ = {isa = PBXFileReference; lastKnownFileType = folder.assetcatalog; path = Assets.xcassets; sourceTree = "<group>"; };
		FAFB549F22381C3600DB4C30 /* Base */ = {isa = PBXFileReference; lastKnownFileType = file.storyboard; name = Base; path = Base.lproj/LaunchScreen.storyboard; sourceTree = "<group>"; };
		FAFB54A122381C3600DB4C30 /* Info.plist */ = {isa = PBXFileReference; lastKnownFileType = text.plist.xml; path = Info.plist; sourceTree = "<group>"; };
		FAFB54A622381C3600DB4C30 /* VideoFilterTests.xctest */ = {isa = PBXFileReference; explicitFileType = wrapper.cfbundle; includeInIndex = 0; path = VideoFilterTests.xctest; sourceTree = BUILT_PRODUCTS_DIR; };
		FAFB54AA22381C3600DB4C30 /* VideoFilterTests.swift */ = {isa = PBXFileReference; lastKnownFileType = sourcecode.swift; path = VideoFilterTests.swift; sourceTree = "<group>"; };
		FAFB54AC22381C3600DB4C30 /* Info.plist */ = {isa = PBXFileReference; lastKnownFileType = text.plist.xml; path = Info.plist; sourceTree = "<group>"; };
		FAFB54B122381C3600DB4C30 /* VideoFilterUITests.xctest */ = {isa = PBXFileReference; explicitFileType = wrapper.cfbundle; includeInIndex = 0; path = VideoFilterUITests.xctest; sourceTree = BUILT_PRODUCTS_DIR; };
		FAFB54B522381C3600DB4C30 /* VideoFilterUITests.swift */ = {isa = PBXFileReference; lastKnownFileType = sourcecode.swift; path = VideoFilterUITests.swift; sourceTree = "<group>"; };
		FAFB54B722381C3600DB4C30 /* Info.plist */ = {isa = PBXFileReference; lastKnownFileType = text.plist.xml; path = Info.plist; sourceTree = "<group>"; };
/* End PBXFileReference section */

/* Begin PBXFrameworksBuildPhase section */
		FAFB548F22381C3400DB4C30 /* Frameworks */ = {
			isa = PBXFrameworksBuildPhase;
			buildActionMask = 2147483647;
			files = (
			);
			runOnlyForDeploymentPostprocessing = 0;
		};
		FAFB54A322381C3600DB4C30 /* Frameworks */ = {
			isa = PBXFrameworksBuildPhase;
			buildActionMask = 2147483647;
			files = (
			);
			runOnlyForDeploymentPostprocessing = 0;
		};
		FAFB54AE22381C3600DB4C30 /* Frameworks */ = {
			isa = PBXFrameworksBuildPhase;
			buildActionMask = 2147483647;
			files = (
			);
			runOnlyForDeploymentPostprocessing = 0;
		};
/* End PBXFrameworksBuildPhase section */

/* Begin PBXGroup section */
		FAFB548922381C3400DB4C30 = {
			isa = PBXGroup;
			children = (
				FAFB549422381C3400DB4C30 /* VideoFilter */,
				FAFB54A922381C3600DB4C30 /* VideoFilterTests */,
				FAFB54B422381C3600DB4C30 /* VideoFilterUITests */,
				FAFB549322381C3400DB4C30 /* Products */,
			);
			sourceTree = "<group>";
		};
		FAFB549322381C3400DB4C30 /* Products */ = {
			isa = PBXGroup;
			children = (
				FAFB549222381C3400DB4C30 /* VideoFilter.app */,
				FAFB54A622381C3600DB4C30 /* VideoFilterTests.xctest */,
				FAFB54B122381C3600DB4C30 /* VideoFilterUITests.xctest */,
			);
			name = Products;
			sourceTree = "<group>";
		};
		FAFB549422381C3400DB4C30 /* VideoFilter */ = {
			isa = PBXGroup;
			children = (
				FAFB549522381C3400DB4C30 /* AppDelegate.swift */,
				FAFB549722381C3400DB4C30 /* ViewController.swift */,
				FAFB549922381C3400DB4C30 /* Main.storyboard */,
				FAFB549C22381C3600DB4C30 /* Assets.xcassets */,
				FAFB549E22381C3600DB4C30 /* LaunchScreen.storyboard */,
				FAFB54A122381C3600DB4C30 /* Info.plist */,
			);
			path = VideoFilter;
			sourceTree = "<group>";
		};
		FAFB54A922381C3600DB4C30 /* VideoFilterTests */ = {
			isa = PBXGroup;
			children = (
				FAFB54AA22381C3600DB4C30 /* VideoFilterTests.swift */,
				FAFB54AC22381C3600DB4C30 /* Info.plist */,
			);
			path = VideoFilterTests;
			sourceTree = "<group>";
		};
		FAFB54B422381C3600DB4C30 /* VideoFilterUITests */ = {
			isa = PBXGroup;
			children = (
				FAFB54B522381C3600DB4C30 /* VideoFilterUITests.swift */,
				FAFB54B722381C3600DB4C30 /* Info.plist */,
			);
			path = VideoFilterUITests;
			sourceTree = "<group>";
		};
/* End PBXGroup section */

/* Begin PBXNativeTarget section */
		FAFB549122381C3400DB4C30 /* VideoFilter */ = {
			isa = PBXNativeTarget;
			buildConfigurationList = FAFB54BA22381C3600DB4C30 /* Build configuration list for PBXNativeTarget "VideoFilter" */;
			buildPhases = (
				FAFB548E22381C3400DB4C30 /* Sources */,
				FAFB548F22381C3400DB4C30 /* Frameworks */,
				FAFB549022381C3400DB4C30 /* Resources */,
			);
			buildRules = (
			);
			dependencies = (
			);
			name = VideoFilter;
			productName = VideoFilter;
			productReference = FAFB549222381C3400DB4C30 /* VideoFilter.app */;
			productType = "com.apple.product-type.application";
		};
		FAFB54A522381C3600DB4C30 /* VideoFilterTests */ = {
			isa = PBXNativeTarget;
			buildConfigurationList = FAFB54BD22381C3600DB4C30 /* Build configuration list for PBXNativeTarget "VideoFilterTests" */;
			buildPhases = (
				FAFB54A222381C3600DB4C30 /* Sources */,
				FAFB54A322381C3600DB4C30 /* Frameworks */,
				FAFB54A422381C3600DB4C30 /* Resources */,
			);
			buildRules = (
			);
			dependencies = (
				FAFB54A822381C3600DB4C30 /* PBXTargetDependency */,
			);
			name = VideoFilterTests;
			productName = VideoFilterTests;
			productReference = FAFB54A622381C3600DB4C30 /* VideoFilterTests.xctest */;
			productType = "com.apple.product-type.bundle.unit-test";
		};
		FAFB54B022381C3600DB4C30 /* VideoFilterUITests */ = {
			isa = PBXNativeTarget;
			buildConfigurationList = FAFB54C022381C3600DB4C30 /* Build configuration list for PBXNativeTarget "VideoFilterUITests" */;
			buildPhases = (
				FAFB54AD22381C3600DB4C30 /* Sources */,
				FAFB54AE22381C3600DB4C30 /* Frameworks */,
				FAFB54AF22381C3600DB4C30 /* Resources */,
			);
			buildRules = (
			);
			dependencies = (
				FAFB54B322381C3600DB4C30 /* PBXTargetDependency */,
			);
			name = VideoFilterUITests;
			productName = VideoFilterUITests;
			productReference = FAFB54B122381C3600DB4C30 /* VideoFilterUITests.xctest */;
			productType = "com.apple.product-type.bundle.ui-testing";
		};
/* End PBXNativeTarget section */

/* Begin PBXProject section */
		FAFB548A22381C3400DB4C30 /* Project object */ = {
			isa = PBXProject;
			attributes = {
				LastSwiftUpdateCheck = 1010;
				LastUpgradeCheck = 1010;
				ORGANIZATIONNAME = macbook;
				TargetAttributes = {
					FAFB549122381C3400DB4C30 = {
						CreatedOnToolsVersion = 10.1;
					};
					FAFB54A522381C3600DB4C30 = {
						CreatedOnToolsVersion = 10.1;
						TestTargetID = FAFB549122381C3400DB4C30;
					};
					FAFB54B022381C3600DB4C30 = {
						CreatedOnToolsVersion = 10.1;
						TestTargetID = FAFB549122381C3400DB4C30;
					};
				};
			};
			buildConfigurationList = FAFB548D22381C3400DB4C30 /* Build configuration list for PBXProject "VideoFilter" */;
			compatibilityVersion = "Xcode 9.3";
			developmentRegion = en;
			hasScannedForEncodings = 0;
			knownRegions = (
				en,
				Base,
			);
			mainGroup = FAFB548922381C3400DB4C30;
			productRefGroup = FAFB549322381C3400DB4C30 /* Products */;
			projectDirPath = "";
			projectRoot = "";
			targets = (
				FAFB549122381C3400DB4C30 /* VideoFilter */,
				FAFB54A522381C3600DB4C30 /* VideoFilterTests */,
				FAFB54B022381C3600DB4C30 /* VideoFilterUITests */,
			);
		};
/* End PBXProject section */

/* Begin PBXResourcesBuildPhase section */
		FAFB549022381C3400DB4C30 /* Resources */ = {
			isa = PBXResourcesBuildPhase;
			buildActionMask = 2147483647;
			files = (
				FAFB54A022381C3600DB4C30 /* LaunchScreen.storyboard in Resources */,
				FAFB549D22381C3600DB4C30 /* Assets.xcassets in Resources */,
				FAFB549B22381C3400DB4C30 /* Main.storyboard in Resources */,
			);
			runOnlyForDeploymentPostprocessing = 0;
		};
		FAFB54A422381C3600DB4C30 /* Resources */ = {
			isa = PBXResourcesBuildPhase;
			buildActionMask = 2147483647;
			files = (
			);
			runOnlyForDeploymentPostprocessing = 0;
		};
		FAFB54AF22381C3600DB4C30 /* Resources */ = {
			isa = PBXResourcesBuildPhase;
			buildActionMask = 2147483647;
			files = (
			);
			runOnlyForDeploymentPostprocessing = 0;
		};
/* End PBXResourcesBuildPhase section */

/* Begin PBXSourcesBuildPhase section */
		FAFB548E22381C3400DB4C30 /* Sources */ = {
			isa = PBXSourcesBuildPhase;
			buildActionMask = 2147483647;
			files = (
				FAFB549822381C3400DB4C30 /* ViewController.swift in Sources */,
				FAFB549622381C3400DB4C30 /* AppDelegate.swift in Sources */,
			);
			runOnlyForDeploymentPostprocessing = 0;
		};
		FAFB54A222381C3600DB4C30 /* Sources */ = {
			isa = PBXSourcesBuildPhase;
			buildActionMask = 2147483647;
			files = (
				FAFB54AB22381C3600DB4C30 /* VideoFilterTests.swift in Sources */,
			);
			runOnlyForDeploymentPostprocessing = 0;
		};
		FAFB54AD22381C3600DB4C30 /* Sources */ = {
			isa = PBXSourcesBuildPhase;
			buildActionMask = 2147483647;
			files = (
				FAFB54B622381C3600DB4C30 /* VideoFilterUITests.swift in Sources */,
			);
			runOnlyForDeploymentPostprocessing = 0;
		};
/* End PBXSourcesBuildPhase section */

/* Begin PBXTargetDependency section */
		FAFB54A822381C3600DB4C30 /* PBXTargetDependency */ = {
			isa = PBXTargetDependency;
			target = FAFB549122381C3400DB4C30 /* VideoFilter */;
			targetProxy = FAFB54A722381C3600DB4C30 /* PBXContainerItemProxy */;
		};
		FAFB54B322381C3600DB4C30 /* PBXTargetDependency */ = {
			isa = PBXTargetDependency;
			target = FAFB549122381C3400DB4C30 /* VideoFilter */;
			targetProxy = FAFB54B222381C3600DB4C30 /* PBXContainerItemProxy */;
		};
/* End PBXTargetDependency section */

/* Begin PBXVariantGroup section */
		FAFB549922381C3400DB4C30 /* Main.storyboard */ = {
			isa = PBXVariantGroup;
			children = (
				FAFB549A22381C3400DB4C30 /* Base */,
			);
			name = Main.storyboard;
			sourceTree = "<group>";
		};
		FAFB549E22381C3600DB4C30 /* LaunchScreen.storyboard */ = {
			isa = PBXVariantGroup;
			children = (
				FAFB549F22381C3600DB4C30 /* Base */,
			);
			name = LaunchScreen.storyboard;
			sourceTree = "<group>";
		};
/* End PBXVariantGroup section */

/* Begin XCBuildConfiguration section */
		FAFB54B822381C3600DB4C30 /* Debug */ = {
			isa = XCBuildConfiguration;
			buildSettings = {
				ALWAYS_SEARCH_USER_PATHS = NO;
				CLANG_ANALYZER_NONNULL = YES;
				CLANG_ANALYZER_NUMBER_OBJECT_CONVERSION = YES_AGGRESSIVE;
				CLANG_CXX_LANGUAGE_STANDARD = "gnu++14";
				CLANG_CXX_LIBRARY = "libc++";
				CLANG_ENABLE_MODULES = YES;
				CLANG_ENABLE_OBJC_ARC = YES;
				CLANG_ENABLE_OBJC_WEAK = YES;
				CLANG_WARN_BLOCK_CAPTURE_AUTORELEASING = YES;
				CLANG_WARN_BOOL_CONVERSION = YES;
				CLANG_WARN_COMMA = YES;
				CLANG_WARN_CONSTANT_CONVERSION = YES;
				CLANG_WARN_DEPRECATED_OBJC_IMPLEMENTATIONS = YES;
				CLANG_WARN_DIRECT_OBJC_ISA_USAGE = YES_ERROR;
				CLANG_WARN_DOCUMENTATION_COMMENTS = YES;
				CLANG_WARN_EMPTY_BODY = YES;
				CLANG_WARN_ENUM_CONVERSION = YES;
				CLANG_WARN_INFINITE_RECURSION = YES;
				CLANG_WARN_INT_CONVERSION = YES;
				CLANG_WARN_NON_LITERAL_NULL_CONVERSION = YES;
				CLANG_WARN_OBJC_IMPLICIT_RETAIN_SELF = YES;
				CLANG_WARN_OBJC_LITERAL_CONVERSION = YES;
				CLANG_WARN_OBJC_ROOT_CLASS = YES_ERROR;
				CLANG_WARN_RANGE_LOOP_ANALYSIS = YES;
				CLANG_WARN_STRICT_PROTOTYPES = YES;
				CLANG_WARN_SUSPICIOUS_MOVE = YES;
				CLANG_WARN_UNGUARDED_AVAILABILITY = YES_AGGRESSIVE;
				CLANG_WARN_UNREACHABLE_CODE = YES;
				CLANG_WARN__DUPLICATE_METHOD_MATCH = YES;
				CODE_SIGN_IDENTITY = "iPhone Developer";
				COPY_PHASE_STRIP = NO;
				DEBUG_INFORMATION_FORMAT = dwarf;
				ENABLE_STRICT_OBJC_MSGSEND = YES;
				ENABLE_TESTABILITY = YES;
				GCC_C_LANGUAGE_STANDARD = gnu11;
				GCC_DYNAMIC_NO_PIC = NO;
				GCC_NO_COMMON_BLOCKS = YES;
				GCC_OPTIMIZATION_LEVEL = 0;
				GCC_PREPROCESSOR_DEFINITIONS = (
					"DEBUG=1",
					"$(inherited)",
				);
				GCC_WARN_64_TO_32_BIT_CONVERSION = YES;
				GCC_WARN_ABOUT_RETURN_TYPE = YES_ERROR;
				GCC_WARN_UNDECLARED_SELECTOR = YES;
				GCC_WARN_UNINITIALIZED_AUTOS = YES_AGGRESSIVE;
				GCC_WARN_UNUSED_FUNCTION = YES;
				GCC_WARN_UNUSED_VARIABLE = YES;
				IPHONEOS_DEPLOYMENT_TARGET = 12.1;
				MTL_ENABLE_DEBUG_INFO = INCLUDE_SOURCE;
				MTL_FAST_MATH = YES;
				ONLY_ACTIVE_ARCH = YES;
				SDKROOT = iphoneos;
				SWIFT_ACTIVE_COMPILATION_CONDITIONS = DEBUG;
				SWIFT_OPTIMIZATION_LEVEL = "-Onone";
			};
			name = Debug;
		};
		FAFB54B922381C3600DB4C30 /* Release */ = {
			isa = XCBuildConfiguration;
			buildSettings = {
				ALWAYS_SEARCH_USER_PATHS = NO;
				CLANG_ANALYZER_NONNULL = YES;
				CLANG_ANALYZER_NUMBER_OBJECT_CONVERSION = YES_AGGRESSIVE;
				CLANG_CXX_LANGUAGE_STANDARD = "gnu++14";
				CLANG_CXX_LIBRARY = "libc++";
				CLANG_ENABLE_MODULES = YES;
				CLANG_ENABLE_OBJC_ARC = YES;
				CLANG_ENABLE_OBJC_WEAK = YES;
				CLANG_WARN_BLOCK_CAPTURE_AUTORELEASING = YES;
				CLANG_WARN_BOOL_CONVERSION = YES;
				CLANG_WARN_COMMA = YES;
				CLANG_WARN_CONSTANT_CONVERSION = YES;
				CLANG_WARN_DEPRECATED_OBJC_IMPLEMENTATIONS = YES;
				CLANG_WARN_DIRECT_OBJC_ISA_USAGE = YES_ERROR;
				CLANG_WARN_DOCUMENTATION_COMMENTS = YES;
				CLANG_WARN_EMPTY_BODY = YES;
				CLANG_WARN_ENUM_CONVERSION = YES;
				CLANG_WARN_INFINITE_RECURSION = YES;
				CLANG_WARN_INT_CONVERSION = YES;
				CLANG_WARN_NON_LITERAL_NULL_CONVERSION = YES;
				CLANG_WARN_OBJC_IMPLICIT_RETAIN_SELF = YES;
				CLANG_WARN_OBJC_LITERAL_CONVERSION = YES;
				CLANG_WARN_OBJC_ROOT_CLASS = YES_ERROR;
				CLANG_WARN_RANGE_LOOP_ANALYSIS = YES;
				CLANG_WARN_STRICT_PROTOTYPES = YES;
				CLANG_WARN_SUSPICIOUS_MOVE = YES;
				CLANG_WARN_UNGUARDED_AVAILABILITY = YES_AGGRESSIVE;
				CLANG_WARN_UNREACHABLE_CODE = YES;
				CLANG_WARN__DUPLICATE_METHOD_MATCH = YES;
				CODE_SIGN_IDENTITY = "iPhone Developer";
				COPY_PHASE_STRIP = NO;
				DEBUG_INFORMATION_FORMAT = "dwarf-with-dsym";
				ENABLE_NS_ASSERTIONS = NO;
				ENABLE_STRICT_OBJC_MSGSEND = YES;
				GCC_C_LANGUAGE_STANDARD = gnu11;
				GCC_NO_COMMON_BLOCKS = YES;
				GCC_WARN_64_TO_32_BIT_CONVERSION = YES;
				GCC_WARN_ABOUT_RETURN_TYPE = YES_ERROR;
				GCC_WARN_UNDECLARED_SELECTOR = YES;
				GCC_WARN_UNINITIALIZED_AUTOS = YES_AGGRESSIVE;
				GCC_WARN_UNUSED_FUNCTION = YES;
				GCC_WARN_UNUSED_VARIABLE = YES;
				IPHONEOS_DEPLOYMENT_TARGET = 12.1;
				MTL_ENABLE_DEBUG_INFO = NO;
				MTL_FAST_MATH = YES;
				SDKROOT = iphoneos;
				SWIFT_COMPILATION_MODE = wholemodule;
				SWIFT_OPTIMIZATION_LEVEL = "-O";
				VALIDATE_PRODUCT = YES;
			};
			name = Release;
		};
		FAFB54BB22381C3600DB4C30 /* Debug */ = {
			isa = XCBuildConfiguration;
			buildSettings = {
				ASSETCATALOG_COMPILER_APPICON_NAME = AppIcon;
				CODE_SIGN_STYLE = Automatic;
				DEVELOPMENT_TEAM = HAKZ2M653C;
				INFOPLIST_FILE = VideoFilter/Info.plist;
				LD_RUNPATH_SEARCH_PATHS = (
					"$(inherited)",
					"@executable_path/Frameworks",
				);
				PRODUCT_BUNDLE_IDENTIFIER = arkit.VideoFilter;
				PRODUCT_NAME = "$(TARGET_NAME)";
				SWIFT_VERSION = 4.2;
				TARGETED_DEVICE_FAMILY = "1,2";
			};
			name = Debug;
		};
		FAFB54BC22381C3600DB4C30 /* Release */ = {
			isa = XCBuildConfiguration;
			buildSettings = {
				ASSETCATALOG_COMPILER_APPICON_NAME = AppIcon;
				CODE_SIGN_STYLE = Automatic;
				DEVELOPMENT_TEAM = HAKZ2M653C;
				INFOPLIST_FILE = VideoFilter/Info.plist;
				LD_RUNPATH_SEARCH_PATHS = (
					"$(inherited)",
					"@executable_path/Frameworks",
				);
				PRODUCT_BUNDLE_IDENTIFIER = arkit.VideoFilter;
				PRODUCT_NAME = "$(TARGET_NAME)";
				SWIFT_VERSION = 4.2;
				TARGETED_DEVICE_FAMILY = "1,2";
			};
			name = Release;
		};
		FAFB54BE22381C3600DB4C30 /* Debug */ = {
			isa = XCBuildConfiguration;
			buildSettings = {
				ALWAYS_EMBED_SWIFT_STANDARD_LIBRARIES = YES;
				BUNDLE_LOADER = "$(TEST_HOST)";
				CODE_SIGN_STYLE = Automatic;
				DEVELOPMENT_TEAM = HAKZ2M653C;
				INFOPLIST_FILE = VideoFilterTests/Info.plist;
				LD_RUNPATH_SEARCH_PATHS = (
					"$(inherited)",
					"@executable_path/Frameworks",
					"@loader_path/Frameworks",
				);
				PRODUCT_BUNDLE_IDENTIFIER = arkit.VideoFilterTests;
				PRODUCT_NAME = "$(TARGET_NAME)";
				SWIFT_VERSION = 4.2;
				TARGETED_DEVICE_FAMILY = "1,2";
				TEST_HOST = "$(BUILT_PRODUCTS_DIR)/VideoFilter.app/VideoFilter";
			};
			name = Debug;
		};
		FAFB54BF22381C3600DB4C30 /* Release */ = {
			isa = XCBuildConfiguration;
			buildSettings = {
				ALWAYS_EMBED_SWIFT_STANDARD_LIBRARIES = YES;
				BUNDLE_LOADER = "$(TEST_HOST)";
				CODE_SIGN_STYLE = Automatic;
				DEVELOPMENT_TEAM = HAKZ2M653C;
				INFOPLIST_FILE = VideoFilterTests/Info.plist;
				LD_RUNPATH_SEARCH_PATHS = (
					"$(inherited)",
					"@executable_path/Frameworks",
					"@loader_path/Frameworks",
				);
				PRODUCT_BUNDLE_IDENTIFIER = arkit.VideoFilterTests;
				PRODUCT_NAME = "$(TARGET_NAME)";
				SWIFT_VERSION = 4.2;
				TARGETED_DEVICE_FAMILY = "1,2";
				TEST_HOST = "$(BUILT_PRODUCTS_DIR)/VideoFilter.app/VideoFilter";
			};
			name = Release;
		};
		FAFB54C122381C3600DB4C30 /* Debug */ = {
			isa = XCBuildConfiguration;
			buildSettings = {
				ALWAYS_EMBED_SWIFT_STANDARD_LIBRARIES = YES;
				CODE_SIGN_STYLE = Automatic;
				DEVELOPMENT_TEAM = HAKZ2M653C;
				INFOPLIST_FILE = VideoFilterUITests/Info.plist;
				LD_RUNPATH_SEARCH_PATHS = (
					"$(inherited)",
					"@executable_path/Frameworks",
					"@loader_path/Frameworks",
				);
				PRODUCT_BUNDLE_IDENTIFIER = arkit.VideoFilterUITests;
				PRODUCT_NAME = "$(TARGET_NAME)";
				SWIFT_VERSION = 4.2;
				TARGETED_DEVICE_FAMILY = "1,2";
				TEST_TARGET_NAME = VideoFilter;
			};
			name = Debug;
		};
		FAFB54C222381C3600DB4C30 /* Release */ = {
			isa = XCBuildConfiguration;
			buildSettings = {
				ALWAYS_EMBED_SWIFT_STANDARD_LIBRARIES = YES;
				CODE_SIGN_STYLE = Automatic;
				DEVELOPMENT_TEAM = HAKZ2M653C;
				INFOPLIST_FILE = VideoFilterUITests/Info.plist;
				LD_RUNPATH_SEARCH_PATHS = (
					"$(inherited)",
					"@executable_path/Frameworks",
					"@loader_path/Frameworks",
				);
				PRODUCT_BUNDLE_IDENTIFIER = arkit.VideoFilterUITests;
				PRODUCT_NAME = "$(TARGET_NAME)";
				SWIFT_VERSION = 4.2;
				TARGETED_DEVICE_FAMILY = "1,2";
				TEST_TARGET_NAME = VideoFilter;
			};
			name = Release;
		};
/* End XCBuildConfiguration section */

/* Begin XCConfigurationList section */
		FAFB548D22381C3400DB4C30 /* Build configuration list for PBXProject "VideoFilter" */ = {
			isa = XCConfigurationList;
			buildConfigurations = (
				FAFB54B822381C3600DB4C30 /* Debug */,
				FAFB54B922381C3600DB4C30 /* Release */,
			);
			defaultConfigurationIsVisible = 0;
			defaultConfigurationName = Release;
		};
		FAFB54BA22381C3600DB4C30 /* Build configuration list for PBXNativeTarget "VideoFilter" */ = {
			isa = XCConfigurationList;
			buildConfigurations = (
				FAFB54BB22381C3600DB4C30 /* Debug */,
				FAFB54BC22381C3600DB4C30 /* Release */,
			);
			defaultConfigurationIsVisible = 0;
			defaultConfigurationName = Release;
		};
		FAFB54BD22381C3600DB4C30 /* Build configuration list for PBXNativeTarget "VideoFilterTests" */ = {
			isa = XCConfigurationList;
			buildConfigurations = (
				FAFB54BE22381C3600DB4C30 /* Debug */,
				FAFB54BF22381C3600DB4C30 /* Release */,
			);
			defaultConfigurationIsVisible = 0;
			defaultConfigurationName = Release;
		};
		FAFB54C022381C3600DB4C30 /* Build configuration list for PBXNativeTarget "VideoFilterUITests" */ = {
			isa = XCConfigurationList;
			buildConfigurations = (
				FAFB54C122381C3600DB4C30 /* Debug */,
				FAFB54C222381C3600DB4C30 /* Release */,
			);
			defaultConfigurationIsVisible = 0;
			defaultConfigurationName = Release;
		};
/* End XCConfigurationList section */
	};
	rootObject = FAFB548A22381C3400DB4C30 /* Project object */;
}
